
Microsoft Visual Studio Solution File, Format Version 12.00
# Visual Studio Version 17
VisualStudioVersion = 17.5.33627.172
MinimumVisualStudioVersion = 10.0.40219.1
Project("{9A19103F-16F7-4668-BE54-9A1E7A4F7556}") = "ApiDotNet.Domain", "ApiDotNet.Domain\ApiDotNet.Domain.csproj", "{56AF5484-5685-4856-9D5F-547E497995FC}"
EndProject
Project("{9A19103F-16F7-4668-BE54-9A1E7A4F7556}") = "ApiDotNet.Infra.Data", "ApiDotNet.Infra.Data\ApiDotNet.Infra.Data.csproj", "{4E62CB65-4ECB-432D-A96F-B7B27FCE4B86}"
EndProject
Project("{9A19103F-16F7-4668-BE54-9A1E7A4F7556}") = "ApiDotNet.Application", "ApiDotNet.Application\ApiDotNet.Application.csproj", "{9CDD93E7-1444-46CE-A4D6-9F9DDFD7E621}"
EndProject
Project("{9A19103F-16F7-4668-BE54-9A1E7A4F7556}") = "ApiDotNet.Infra.IoC", "ApiDotNet.Infra.IoC\ApiDotNet.Infra.IoC.csproj", "{60018A46-FE70-4178-899F-EDF369ED5326}"
EndProject
Project("{FAE04EC0-301F-11D3-BF4B-00C04F79EFBC}") = "ApiDotNet.Api", "ApiDotNet.Api\ApiDotNet.Api.csproj", "{3FF46ED6-9B6B-45FE-85D4-26F5BA79FA4D}"
EndProject
Global
	GlobalSection(SolutionConfigurationPlatforms) = preSolution
		Debug|Any CPU = Debug|Any CPU
		Release|Any CPU = Release|Any CPU
	EndGlobalSection
	GlobalSection(ProjectConfigurationPlatforms) = postSolution
		{56AF5484-5685-4856-9D5F-547E497995FC}.Debug|Any CPU.ActiveCfg = Debug|Any CPU
		{56AF5484-5685-4856-9D5F-547E497995FC}.Debug|Any CPU.Build.0 = Debug|Any CPU
		{56AF5484-5685-4856-9D5F-547E497995FC}.Release|Any CPU.ActiveCfg = Release|Any CPU
		{56AF5484-5685-4856-9D5F-547E497995FC}.Release|Any CPU.Build.0 = Release|Any CPU
		{4E62CB65-4ECB-432D-A96F-B7B27FCE4B86}.Debug|Any CPU.ActiveCfg = Debug|Any CPU
		{4E62CB65-4ECB-432D-A96F-B7B27FCE4B86}.Debug|Any CPU.Build.0 = Debug|Any CPU
		{4E62CB65-4ECB-432D-A96F-B7B27FCE4B86}.Release|Any CPU.ActiveCfg = Release|Any CPU
		{4E62CB65-4ECB-432D-A96F-B7B27FCE4B86}.Release|Any CPU.Build.0 = Release|Any CPU
		{9CDD93E7-1444-46CE-A4D6-9F9DDFD7E621}.Debug|Any CPU.ActiveCfg = Debug|Any CPU
		{9CDD93E7-1444-46CE-A4D6-9F9DDFD7E621}.Debug|Any CPU.Build.0 = Debug|Any CPU
		{9CDD93E7-1444-46CE-A4D6-9F9DDFD7E621}.Release|Any CPU.ActiveCfg = Release|Any CPU
		{9CDD93E7-1444-46CE-A4D6-9F9DDFD7E621}.Release|Any CPU.Build.0 = Release|Any CPU
		{60018A46-FE70-4178-899F-EDF369ED5326}.Debug|Any CPU.ActiveCfg = Debug|Any CPU
		{60018A46-FE70-4178-899F-EDF369ED5326}.Debug|Any CPU.Build.0 = Debug|Any CPU
		{60018A46-FE70-4178-899F-EDF369ED5326}.Release|Any CPU.ActiveCfg = Release|Any CPU
		{60018A46-FE70-4178-899F-EDF369ED5326}.Release|Any CPU.Build.0 = Release|Any CPU
		{3FF46ED6-9B6B-45FE-85D4-26F5BA79FA4D}.Debug|Any CPU.ActiveCfg = Debug|Any CPU
		{3FF46ED6-9B6B-45FE-85D4-26F5BA79FA4D}.Debug|Any CPU.Build.0 = Debug|Any CPU
		{3FF46ED6-9B6B-45FE-85D4-26F5BA79FA4D}.Release|Any CPU.ActiveCfg = Release|Any CPU
		{3FF46ED6-9B6B-45FE-85D4-26F5BA79FA4D}.Release|Any CPU.Build.0 = Release|Any CPU
	EndGlobalSection
	GlobalSection(SolutionProperties) = preSolution
		HideSolutionNode = FALSE
	EndGlobalSection
	GlobalSection(ExtensibilityGlobals) = postSolution
		SolutionGuid = {E5734704-D01D-4E9D-8462-C7816BB32A07}
	EndGlobalSection
EndGlobal
